// !$*UTF8*$!
{
	archiveVersion = 1;
	classes = {
	};
	objectVersion = 50;
	objects = {

/* Begin PBXBuildFile section */
		21049A2722309B3D007EA561 /* AppDelegate.swift in Sources */ = {isa = PBXBuildFile; fileRef = 21049A2622309B3D007EA561 /* AppDelegate.swift */; };
		21049A2922309B3D007EA561 /* ViewController.swift in Sources */ = {isa = PBXBuildFile; fileRef = 21049A2822309B3D007EA561 /* ViewController.swift */; };
		21049A2C22309B3D007EA561 /* Main.storyboard in Resources */ = {isa = PBXBuildFile; fileRef = 21049A2A22309B3D007EA561 /* Main.storyboard */; };
		21049A2E22309B3E007EA561 /* Assets.xcassets in Resources */ = {isa = PBXBuildFile; fileRef = 21049A2D22309B3E007EA561 /* Assets.xcassets */; };
		21049A3122309B3E007EA561 /* LaunchScreen.storyboard in Resources */ = {isa = PBXBuildFile; fileRef = 21049A2F22309B3E007EA561 /* LaunchScreen.storyboard */; };
		21049A3922309BBC007EA561 /* NHLTeams-Divisions.plist in Resources */ = {isa = PBXBuildFile; fileRef = 21049A3822309BBC007EA561 /* NHLTeams-Divisions.plist */; };
/* End PBXBuildFile section */

/* Begin PBXFileReference section */
		21049A2322309B3D007EA561 /* TableViewSections.app */ = {isa = PBXFileReference; explicitFileType = wrapper.application; includeInIndex = 0; path = TableViewSections.app; sourceTree = BUILT_PRODUCTS_DIR; };
		21049A2622309B3D007EA561 /* AppDelegate.swift */ = {isa = PBXFileReference; lastKnownFileType = sourcecode.swift; path = AppDelegate.swift; sourceTree = "<group>"; };
		21049A2822309B3D007EA561 /* ViewController.swift */ = {isa = PBXFileReference; lastKnownFileType = sourcecode.swift; path = ViewController.swift; sourceTree = "<group>"; };
		21049A2B22309B3D007EA561 /* Base */ = {isa = PBXFileReference; lastKnownFileType = file.storyboard; name = Base; path = Base.lproj/Main.storyboard; sourceTree = "<group>"; };
		21049A2D22309B3E007EA561 /* Assets.xcassets */ = {isa = PBXFileReference; lastKnownFileType = folder.assetcatalog; path = Assets.xcassets; sourceTree = "<group>"; };
		21049A3022309B3E007EA561 /* Base */ = {isa = PBXFileReference; lastKnownFileType = file.storyboard; name = Base; path = Base.lproj/LaunchScreen.storyboard; sourceTree = "<group>"; };
		21049A3222309B3E007EA561 /* Info.plist */ = {isa = PBXFileReference; lastKnownFileType = text.plist.xml; path = Info.plist; sourceTree = "<group>"; };
		21049A3822309BBC007EA561 /* NHLTeams-Divisions.plist */ = {isa = PBXFileReference; fileEncoding = 4; lastKnownFileType = text.plist.xml; name = "NHLTeams-Divisions.plist"; path = "../../TableViewDemo02/TableViewDemo02/NHLTeams-Divisions.plist"; sourceTree = "<group>"; };
/* End PBXFileReference section */

/* Begin PBXFrameworksBuildPhase section */
		21049A2022309B3D007EA561 /* Frameworks */ = {
			isa = PBXFrameworksBuildPhase;
			buildActionMask = 2147483647;
			files = (
			);
			runOnlyForDeploymentPostprocessing = 0;
		};
/* End PBXFrameworksBuildPhase section */

/* Begin PBXGroup section */
		21049A1A22309B3D007EA561 = {
			isa = PBXGroup;
			children = (
				21049A2522309B3D007EA561 /* TableViewSections */,
				21049A2422309B3D007EA561 /* Products */,
			);
			sourceTree = "<group>";
		};
		21049A2422309B3D007EA561 /* Products */ = {
			isa = PBXGroup;
			children = (
				21049A2322309B3D007EA561 /* TableViewSections.app */,
			);
			name = Products;
			sourceTree = "<group>";
		};
		21049A2522309B3D007EA561 /* TableViewSections */ = {
			isa = PBXGroup;
			children = (
				21049A3822309BBC007EA561 /* NHLTeams-Divisions.plist */,
				21049A2622309B3D007EA561 /* AppDelegate.swift */,
				21049A2822309B3D007EA561 /* ViewController.swift */,
				21049A2A22309B3D007EA561 /* Main.storyboard */,
				21049A2D22309B3E007EA561 /* Assets.xcassets */,
				21049A2F22309B3E007EA561 /* LaunchScreen.storyboard */,
				21049A3222309B3E007EA561 /* Info.plist */,
			);
			path = TableViewSections;
			sourceTree = "<group>";
		};
/* End PBXGroup section */

/* Begin PBXNativeTarget section */
		21049A2222309B3D007EA561 /* TableViewSections */ = {
			isa = PBXNativeTarget;
			buildConfigurationList = 21049A3522309B3E007EA561 /* Build configuration list for PBXNativeTarget "TableViewSections" */;
			buildPhases = (
				21049A1F22309B3D007EA561 /* Sources */,
				21049A2022309B3D007EA561 /* Frameworks */,
				21049A2122309B3D007EA561 /* Resources */,
			);
			buildRules = (
			);
			dependencies = (
			);
			name = TableViewSections;
			productName = TableViewSections;
			productReference = 21049A2322309B3D007EA561 /* TableViewSections.app */;
			productType = "com.apple.product-type.application";
		};
/* End PBXNativeTarget section */

/* Begin PBXProject section */
		21049A1B22309B3D007EA561 /* Project object */ = {
			isa = PBXProject;
			attributes = {
				LastSwiftUpdateCheck = 0940;
				LastUpgradeCheck = 0940;
				ORGANIZATIONNAME = "Brendon M Lapp";
				TargetAttributes = {
					21049A2222309B3D007EA561 = {
						CreatedOnToolsVersion = 9.4.1;
					};
				};
			};
			buildConfigurationList = 21049A1E22309B3D007EA561 /* Build configuration list for PBXProject "TableViewSections" */;
			compatibilityVersion = "Xcode 9.3";
			developmentRegion = en;
			hasScannedForEncodings = 0;
			knownRegions = (
				en,
				Base,
			);
			mainGroup = 21049A1A22309B3D007EA561;
			productRefGroup = 21049A2422309B3D007EA561 /* Products */;
			projectDirPath = "";
			projectRoot = "";
			targets = (
				21049A2222309B3D007EA561 /* TableViewSections */,
			);
		};
/* End PBXProject section */

/* Begin PBXResourcesBuildPhase section */
		21049A2122309B3D007EA561 /* Resources */ = {
			isa = PBXResourcesBuildPhase;
			buildActionMask = 2147483647;
			files = (
				21049A3122309B3E007EA561 /* LaunchScreen.storyboard in Resources */,
				21049A2E22309B3E007EA561 /* Assets.xcassets in Resources */,
				21049A2C22309B3D007EA561 /* Main.storyboard in Resources */,
				21049A3922309BBC007EA561 /* NHLTeams-Divisions.plist in Resources */,
			);
			runOnlyForDeploymentPostprocessing = 0;
		};
/* End PBXResourcesBuildPhase section */

/* Begin PBXSourcesBuildPhase section */
		21049A1F22309B3D007EA561 /* Sources */ = {
			isa = PBXSourcesBuildPhase;
			buildActionMask = 2147483647;
			files = (
				21049A2922309B3D007EA561 /* ViewController.swift in Sources */,
				21049A2722309B3D007EA561 /* AppDelegate.swift in Sources */,
			);
			runOnlyForDeploymentPostprocessing = 0;
		};
/* End PBXSourcesBuildPhase section */

/* Begin PBXVariantGroup section */
		21049A2A22309B3D007EA561 /* Main.storyboard */ = {
			isa = PBXVariantGroup;
			children = (
				21049A2B22309B3D007EA561 /* Base */,
			);
			name = Main.storyboard;
			sourceTree = "<group>";
		};
		21049A2F22309B3E007EA561 /* LaunchScreen.storyboard */ = {
			isa = PBXVariantGroup;
			children = (
				21049A3022309B3E007EA561 /* Base */,
			);
			name = LaunchScreen.storyboard;
			sourceTree = "<group>";
		};
/* End PBXVariantGroup section */

/* Begin XCBuildConfiguration section */
		21049A3322309B3E007EA561 /* Debug */ = {
			isa = XCBuildConfiguration;
			buildSettings = {
				ALWAYS_SEARCH_USER_PATHS = NO;
				CLANG_ANALYZER_NONNULL = YES;
				CLANG_ANALYZER_NUMBER_OBJECT_CONVERSION = YES_AGGRESSIVE;
				CLANG_CXX_LANGUAGE_STANDARD = "gnu++14";
				CLANG_CXX_LIBRARY = "libc++";
				CLANG_ENABLE_MODULES = YES;
				CLANG_ENABLE_OBJC_ARC = YES;
				CLANG_ENABLE_OBJC_WEAK = YES;
				CLANG_WARN_BLOCK_CAPTURE_AUTORELEASING = YES;
				CLANG_WARN_BOOL_CONVERSION = YES;
				CLANG_WARN_COMMA = YES;
				CLANG_WARN_CONSTANT_CONVERSION = YES;
				CLANG_WARN_DEPRECATED_OBJC_IMPLEMENTATIONS = YES;
				CLANG_WARN_DIRECT_OBJC_ISA_USAGE = YES_ERROR;
				CLANG_WARN_DOCUMENTATION_COMMENTS = YES;
				CLANG_WARN_EMPTY_BODY = YES;
				CLANG_WARN_ENUM_CONVERSION = YES;
				CLANG_WARN_INFINITE_RECURSION = YES;
				CLANG_WARN_INT_CONVERSION = YES;
				CLANG_WARN_NON_LITERAL_NULL_CONVERSION = YES;
				CLANG_WARN_OBJC_IMPLICIT_RETAIN_SELF = YES;
				CLANG_WARN_OBJC_LITERAL_CONVERSION = YES;
				CLANG_WARN_OBJC_ROOT_CLASS = YES_ERROR;
				CLANG_WARN_RANGE_LOOP_ANALYSIS = YES;
				CLANG_WARN_STRICT_PROTOTYPES = YES;
				CLANG_WARN_SUSPICIOUS_MOVE = YES;
				CLANG_WARN_UNGUARDED_AVAILABILITY = YES_AGGRESSIVE;
				CLANG_WARN_UNREACHABLE_CODE = YES;
				CLANG_WARN__DUPLICATE_METHOD_MATCH = YES;
				CODE_SIGN_IDENTITY = "iPhone Developer";
				COPY_PHASE_STRIP = NO;
				DEBUG_INFORMATION_FORMAT = dwarf;
				ENABLE_STRICT_OBJC_MSGSEND = YES;
				ENABLE_TESTABILITY = YES;
				GCC_C_LANGUAGE_STANDARD = gnu11;
				GCC_DYNAMIC_NO_PIC = NO;
				GCC_NO_COMMON_BLOCKS = YES;
				GCC_OPTIMIZATION_LEVEL = 0;
				GCC_PREPROCESSOR_DEFINITIONS = (
					"DEBUG=1",
					"$(inherited)",
				);
				GCC_WARN_64_TO_32_BIT_CONVERSION = YES;
				GCC_WARN_ABOUT_RETURN_TYPE = YES_ERROR;
				GCC_WARN_UNDECLARED_SELECTOR = YES;
				GCC_WARN_UNINITIALIZED_AUTOS = YES_AGGRESSIVE;
				GCC_WARN_UNUSED_FUNCTION = YES;
				GCC_WARN_UNUSED_VARIABLE = YES;
				IPHONEOS_DEPLOYMENT_TARGET = 11.4;
				MTL_ENABLE_DEBUG_INFO = YES;
				ONLY_ACTIVE_ARCH = YES;
				SDKROOT = iphoneos;
				SWIFT_ACTIVE_COMPILATION_CONDITIONS = DEBUG;
				SWIFT_OPTIMIZATION_LEVEL = "-Onone";
			};
			name = Debug;
		};
		21049A3422309B3E007EA561 /* Release */ = {
			isa = XCBuildConfiguration;
			buildSettings = {
				ALWAYS_SEARCH_USER_PATHS = NO;
				CLANG_ANALYZER_NONNULL = YES;
				CLANG_ANALYZER_NUMBER_OBJECT_CONVERSION = YES_AGGRESSIVE;
				CLANG_CXX_LANGUAGE_STANDARD = "gnu++14";
				CLANG_CXX_LIBRARY = "libc++";
				CLANG_ENABLE_MODULES = YES;
				CLANG_ENABLE_OBJC_ARC = YES;
				CLANG_ENABLE_OBJC_WEAK = YES;
				CLANG_WARN_BLOCK_CAPTURE_AUTORELEASING = YES;
				CLANG_WARN_BOOL_CONVERSION = YES;
				CLANG_WARN_COMMA = YES;
				CLANG_WARN_CONSTANT_CONVERSION = YES;
				CLANG_WARN_DEPRECATED_OBJC_IMPLEMENTATIONS = YES;
				CLANG_WARN_DIRECT_OBJC_ISA_USAGE = YES_ERROR;
				CLANG_WARN_DOCUMENTATION_COMMENTS = YES;
				CLANG_WARN_EMPTY_BODY = YES;
				CLANG_WARN_ENUM_CONVERSION = YES;
				CLANG_WARN_INFINITE_RECURSION = YES;
				CLANG_WARN_INT_CONVERSION = YES;
				CLANG_WARN_NON_LITERAL_NULL_CONVERSION = YES;
				CLANG_WARN_OBJC_IMPLICIT_RETAIN_SELF = YES;
				CLANG_WARN_OBJC_LITERAL_CONVERSION = YES;
				CLANG_WARN_OBJC_ROOT_CLASS = YES_ERROR;
				CLANG_WARN_RANGE_LOOP_ANALYSIS = YES;
				CLANG_WARN_STRICT_PROTOTYPES = YES;
				CLANG_WARN_SUSPICIOUS_MOVE = YES;
				CLANG_WARN_UNGUARDED_AVAILABILITY = YES_AGGRESSIVE;
				CLANG_WARN_UNREACHABLE_CODE = YES;
				CLANG_WARN__DUPLICATE_METHOD_MATCH = YES;
				CODE_SIGN_IDENTITY = "iPhone Developer";
				COPY_PHASE_STRIP = NO;
				DEBUG_INFORMATION_FORMAT = "dwarf-with-dsym";
				ENABLE_NS_ASSERTIONS = NO;
				ENABLE_STRICT_OBJC_MSGSEND = YES;
				GCC_C_LANGUAGE_STANDARD = gnu11;
				GCC_NO_COMMON_BLOCKS = YES;
				GCC_WARN_64_TO_32_BIT_CONVERSION = YES;
				GCC_WARN_ABOUT_RETURN_TYPE = YES_ERROR;
				GCC_WARN_UNDECLARED_SELECTOR = YES;
				GCC_WARN_UNINITIALIZED_AUTOS = YES_AGGRESSIVE;
				GCC_WARN_UNUSED_FUNCTION = YES;
				GCC_WARN_UNUSED_VARIABLE = YES;
				IPHONEOS_DEPLOYMENT_TARGET = 11.4;
				MTL_ENABLE_DEBUG_INFO = NO;
				SDKROOT = iphoneos;
				SWIFT_COMPILATION_MODE = wholemodule;
				SWIFT_OPTIMIZATION_LEVEL = "-O";
				VALIDATE_PRODUCT = YES;
			};
			name = Release;
		};
		21049A3622309B3E007EA561 /* Debug */ = {
			isa = XCBuildConfiguration;
			buildSettings = {
				ASSETCATALOG_COMPILER_APPICON_NAME = AppIcon;
				CODE_SIGN_STYLE = Automatic;
				INFOPLIST_FILE = TableViewSections/Info.plist;
				LD_RUNPATH_SEARCH_PATHS = (
					"$(inherited)",
					"@executable_path/Frameworks",
				);
				PRODUCT_BUNDLE_IDENTIFIER = ca.dmit.nait.cpsc1519.TableViewSections;
				PRODUCT_NAME = "$(TARGET_NAME)";
				SWIFT_VERSION = 4.0;
				TARGETED_DEVICE_FAMILY = "1,2";
			};
			name = Debug;
		};
		21049A3722309B3E007EA561 /* Release */ = {
			isa = XCBuildConfiguration;
			buildSettings = {
				ASSETCATALOG_COMPILER_APPICON_NAME = AppIcon;
				CODE_SIGN_STYLE = Automatic;
				INFOPLIST_FILE = TableViewSections/Info.plist;
				LD_RUNPATH_SEARCH_PATHS = (
					"$(inherited)",
					"@executable_path/Frameworks",
				);
				PRODUCT_BUNDLE_IDENTIFIER = ca.dmit.nait.cpsc1519.TableViewSections;
				PRODUCT_NAME = "$(TARGET_NAME)";
				SWIFT_VERSION = 4.0;
				TARGETED_DEVICE_FAMILY = "1,2";
			};
			name = Release;
		};
/* End XCBuildConfiguration section */

/* Begin XCConfigurationList section */
		21049A1E22309B3D007EA561 /* Build configuration list for PBXProject "TableViewSections" */ = {
			isa = XCConfigurationList;
			buildConfigurations = (
				21049A3322309B3E007EA561 /* Debug */,
				21049A3422309B3E007EA561 /* Release */,
			);
			defaultConfigurationIsVisible = 0;
			defaultConfigurationName = Release;
		};
		21049A3522309B3E007EA561 /* Build configuration list for PBXNativeTarget "TableViewSections" */ = {
			isa = XCConfigurationList;
			buildConfigurations = (
				21049A3622309B3E007EA561 /* Debug */,
				21049A3722309B3E007EA561 /* Release */,
			);
			defaultConfigurationIsVisible = 0;
			defaultConfigurationName = Release;
		};
/* End XCConfigurationList section */
	};
	rootObject = 21049A1B22309B3D007EA561 /* Project object */;
}
