// !$*UTF8*$!
{
	archiveVersion = 1;
	classes = {
	};
	objectVersion = 50;
	objects = {

/* Begin PBXBuildFile section */
		219923DA225C0AA60089A014 /* AppDelegate.swift in Sources */ = {isa = PBXBuildFile; fileRef = 219923D9225C0AA60089A014 /* AppDelegate.swift */; };
		219923DF225C0AA60089A014 /* Main.storyboard in Resources */ = {isa = PBXBuildFile; fileRef = 219923DD225C0AA60089A014 /* Main.storyboard */; };
		219923E1225C0AA70089A014 /* Assets.xcassets in Resources */ = {isa = PBXBuildFile; fileRef = 219923E0225C0AA70089A014 /* Assets.xcassets */; };
		219923E4225C0AA70089A014 /* LaunchScreen.storyboard in Resources */ = {isa = PBXBuildFile; fileRef = 219923E2225C0AA70089A014 /* LaunchScreen.storyboard */; };
		219923EC225C0FBB0089A014 /* LoginViewController.swift in Sources */ = {isa = PBXBuildFile; fileRef = 219923EB225C0FBB0089A014 /* LoginViewController.swift */; };
		219923EE225C0FEB0089A014 /* CreateAccountViewController.swift in Sources */ = {isa = PBXBuildFile; fileRef = 219923ED225C0FEB0089A014 /* CreateAccountViewController.swift */; };
		219923F0225C10120089A014 /* Settings.bundle in Resources */ = {isa = PBXBuildFile; fileRef = 219923EF225C10120089A014 /* Settings.bundle */; };
		21E8111A225E80FB00983930 /* MyListTableViewController.swift in Sources */ = {isa = PBXBuildFile; fileRef = 21E81119225E80FB00983930 /* MyListTableViewController.swift */; };
		21E8111C225E813A00983930 /* AddNewItemViewController.swift in Sources */ = {isa = PBXBuildFile; fileRef = 21E8111B225E813A00983930 /* AddNewItemViewController.swift */; };
		21E8111E225E815000983930 /* CustomCellTableViewCell.swift in Sources */ = {isa = PBXBuildFile; fileRef = 21E8111D225E815000983930 /* CustomCellTableViewCell.swift */; };
		21E81123225E8D9500983930 /* Post.swift in Sources */ = {isa = PBXBuildFile; fileRef = 21E81122225E8D9500983930 /* Post.swift */; };
		21E81125225E8F6900983930 /* PostManager.swift in Sources */ = {isa = PBXBuildFile; fileRef = 21E81124225E8F6900983930 /* PostManager.swift */; };
/* End PBXBuildFile section */

/* Begin PBXFileReference section */
		219923D6225C0AA60089A014 /* Assignment04_BrendonLapp.app */ = {isa = PBXFileReference; explicitFileType = wrapper.application; includeInIndex = 0; path = Assignment04_BrendonLapp.app; sourceTree = BUILT_PRODUCTS_DIR; };
		219923D9225C0AA60089A014 /* AppDelegate.swift */ = {isa = PBXFileReference; lastKnownFileType = sourcecode.swift; path = AppDelegate.swift; sourceTree = "<group>"; };
		219923DE225C0AA60089A014 /* Base */ = {isa = PBXFileReference; lastKnownFileType = file.storyboard; name = Base; path = Base.lproj/Main.storyboard; sourceTree = "<group>"; };
		219923E0225C0AA70089A014 /* Assets.xcassets */ = {isa = PBXFileReference; lastKnownFileType = folder.assetcatalog; path = Assets.xcassets; sourceTree = "<group>"; };
		219923E3225C0AA70089A014 /* Base */ = {isa = PBXFileReference; lastKnownFileType = file.storyboard; name = Base; path = Base.lproj/LaunchScreen.storyboard; sourceTree = "<group>"; };
		219923E5225C0AA70089A014 /* Info.plist */ = {isa = PBXFileReference; lastKnownFileType = text.plist.xml; path = Info.plist; sourceTree = "<group>"; };
		219923EB225C0FBB0089A014 /* LoginViewController.swift */ = {isa = PBXFileReference; lastKnownFileType = sourcecode.swift; path = LoginViewController.swift; sourceTree = "<group>"; };
		219923ED225C0FEB0089A014 /* CreateAccountViewController.swift */ = {isa = PBXFileReference; lastKnownFileType = sourcecode.swift; path = CreateAccountViewController.swift; sourceTree = "<group>"; };
		219923EF225C10120089A014 /* Settings.bundle */ = {isa = PBXFileReference; lastKnownFileType = "wrapper.plug-in"; path = Settings.bundle; sourceTree = "<group>"; };
		21E81119225E80FB00983930 /* MyListTableViewController.swift */ = {isa = PBXFileReference; lastKnownFileType = sourcecode.swift; path = MyListTableViewController.swift; sourceTree = "<group>"; };
		21E8111B225E813A00983930 /* AddNewItemViewController.swift */ = {isa = PBXFileReference; lastKnownFileType = sourcecode.swift; path = AddNewItemViewController.swift; sourceTree = "<group>"; };
		21E8111D225E815000983930 /* CustomCellTableViewCell.swift */ = {isa = PBXFileReference; lastKnownFileType = sourcecode.swift; path = CustomCellTableViewCell.swift; sourceTree = "<group>"; };
		21E81122225E8D9500983930 /* Post.swift */ = {isa = PBXFileReference; lastKnownFileType = sourcecode.swift; path = Post.swift; sourceTree = "<group>"; };
		21E81124225E8F6900983930 /* PostManager.swift */ = {isa = PBXFileReference; lastKnownFileType = sourcecode.swift; path = PostManager.swift; sourceTree = "<group>"; };
/* End PBXFileReference section */

/* Begin PBXFrameworksBuildPhase section */
		219923D3225C0AA60089A014 /* Frameworks */ = {
			isa = PBXFrameworksBuildPhase;
			buildActionMask = 2147483647;
			files = (
			);
			runOnlyForDeploymentPostprocessing = 0;
		};
/* End PBXFrameworksBuildPhase section */

/* Begin PBXGroup section */
		219923CD225C0AA60089A014 = {
			isa = PBXGroup;
			children = (
				219923D8225C0AA60089A014 /* Assignment04_BrendonLapp */,
				219923D7225C0AA60089A014 /* Products */,
			);
			sourceTree = "<group>";
		};
		219923D7225C0AA60089A014 /* Products */ = {
			isa = PBXGroup;
			children = (
				219923D6225C0AA60089A014 /* Assignment04_BrendonLapp.app */,
			);
			name = Products;
			sourceTree = "<group>";
		};
		219923D8225C0AA60089A014 /* Assignment04_BrendonLapp */ = {
			isa = PBXGroup;
			children = (
				21E81121225E8D1A00983930 /* View */,
				21E81120225E8CFE00983930 /* Controller */,
				21E8111F225E8CF000983930 /* Model */,
				219923D9225C0AA60089A014 /* AppDelegate.swift */,
				219923DD225C0AA60089A014 /* Main.storyboard */,
				219923E0225C0AA70089A014 /* Assets.xcassets */,
				219923E2225C0AA70089A014 /* LaunchScreen.storyboard */,
				219923E5225C0AA70089A014 /* Info.plist */,
				219923EF225C10120089A014 /* Settings.bundle */,
			);
			path = Assignment04_BrendonLapp;
			sourceTree = "<group>";
		};
		21E8111F225E8CF000983930 /* Model */ = {
			isa = PBXGroup;
			children = (
				21E81122225E8D9500983930 /* Post.swift */,
				21E81124225E8F6900983930 /* PostManager.swift */,
			);
			path = Model;
			sourceTree = "<group>";
		};
		21E81120225E8CFE00983930 /* Controller */ = {
			isa = PBXGroup;
			children = (
				21E8111B225E813A00983930 /* AddNewItemViewController.swift */,
				21E8111D225E815000983930 /* CustomCellTableViewCell.swift */,
				21E81119225E80FB00983930 /* MyListTableViewController.swift */,
				219923ED225C0FEB0089A014 /* CreateAccountViewController.swift */,
				219923EB225C0FBB0089A014 /* LoginViewController.swift */,
			);
			path = Controller;
			sourceTree = "<group>";
		};
		21E81121225E8D1A00983930 /* View */ = {
			isa = PBXGroup;
			children = (
			);
			path = View;
			sourceTree = "<group>";
		};
/* End PBXGroup section */

/* Begin PBXNativeTarget section */
		219923D5225C0AA60089A014 /* Assignment04_BrendonLapp */ = {
			isa = PBXNativeTarget;
			buildConfigurationList = 219923E8225C0AA70089A014 /* Build configuration list for PBXNativeTarget "Assignment04_BrendonLapp" */;
			buildPhases = (
				219923D2225C0AA60089A014 /* Sources */,
				219923D3225C0AA60089A014 /* Frameworks */,
				219923D4225C0AA60089A014 /* Resources */,
			);
			buildRules = (
			);
			dependencies = (
			);
			name = Assignment04_BrendonLapp;
			productName = Assignment04_BrendonLapp;
			productReference = 219923D6225C0AA60089A014 /* Assignment04_BrendonLapp.app */;
			productType = "com.apple.product-type.application";
		};
/* End PBXNativeTarget section */

/* Begin PBXProject section */
		219923CE225C0AA60089A014 /* Project object */ = {
			isa = PBXProject;
			attributes = {
				LastSwiftUpdateCheck = 0940;
				LastUpgradeCheck = 0940;
				ORGANIZATIONNAME = "Brendon M Lapp";
				TargetAttributes = {
					219923D5225C0AA60089A014 = {
						CreatedOnToolsVersion = 9.4.1;
					};
				};
			};
			buildConfigurationList = 219923D1225C0AA60089A014 /* Build configuration list for PBXProject "Assignment04_BrendonLapp" */;
			compatibilityVersion = "Xcode 9.3";
			developmentRegion = en;
			hasScannedForEncodings = 0;
			knownRegions = (
				en,
				Base,
			);
			mainGroup = 219923CD225C0AA60089A014;
			productRefGroup = 219923D7225C0AA60089A014 /* Products */;
			projectDirPath = "";
			projectRoot = "";
			targets = (
				219923D5225C0AA60089A014 /* Assignment04_BrendonLapp */,
			);
		};
/* End PBXProject section */

/* Begin PBXResourcesBuildPhase section */
		219923D4225C0AA60089A014 /* Resources */ = {
			isa = PBXResourcesBuildPhase;
			buildActionMask = 2147483647;
			files = (
				219923F0225C10120089A014 /* Settings.bundle in Resources */,
				219923E4225C0AA70089A014 /* LaunchScreen.storyboard in Resources */,
				219923E1225C0AA70089A014 /* Assets.xcassets in Resources */,
				219923DF225C0AA60089A014 /* Main.storyboard in Resources */,
			);
			runOnlyForDeploymentPostprocessing = 0;
		};
/* End PBXResourcesBuildPhase section */

/* Begin PBXSourcesBuildPhase section */
		219923D2225C0AA60089A014 /* Sources */ = {
			isa = PBXSourcesBuildPhase;
			buildActionMask = 2147483647;
			files = (
				219923EE225C0FEB0089A014 /* CreateAccountViewController.swift in Sources */,
				219923EC225C0FBB0089A014 /* LoginViewController.swift in Sources */,
				21E8111E225E815000983930 /* CustomCellTableViewCell.swift in Sources */,
				219923DA225C0AA60089A014 /* AppDelegate.swift in Sources */,
				21E8111C225E813A00983930 /* AddNewItemViewController.swift in Sources */,
				21E81125225E8F6900983930 /* PostManager.swift in Sources */,
				21E81123225E8D9500983930 /* Post.swift in Sources */,
				21E8111A225E80FB00983930 /* MyListTableViewController.swift in Sources */,
			);
			runOnlyForDeploymentPostprocessing = 0;
		};
/* End PBXSourcesBuildPhase section */

/* Begin PBXVariantGroup section */
		219923DD225C0AA60089A014 /* Main.storyboard */ = {
			isa = PBXVariantGroup;
			children = (
				219923DE225C0AA60089A014 /* Base */,
			);
			name = Main.storyboard;
			sourceTree = "<group>";
		};
		219923E2225C0AA70089A014 /* LaunchScreen.storyboard */ = {
			isa = PBXVariantGroup;
			children = (
				219923E3225C0AA70089A014 /* Base */,
			);
			name = LaunchScreen.storyboard;
			sourceTree = "<group>";
		};
/* End PBXVariantGroup section */

/* Begin XCBuildConfiguration section */
		219923E6225C0AA70089A014 /* Debug */ = {
			isa = XCBuildConfiguration;
			buildSettings = {
				ALWAYS_SEARCH_USER_PATHS = NO;
				CLANG_ANALYZER_NONNULL = YES;
				CLANG_ANALYZER_NUMBER_OBJECT_CONVERSION = YES_AGGRESSIVE;
				CLANG_CXX_LANGUAGE_STANDARD = "gnu++14";
				CLANG_CXX_LIBRARY = "libc++";
				CLANG_ENABLE_MODULES = YES;
				CLANG_ENABLE_OBJC_ARC = YES;
				CLANG_ENABLE_OBJC_WEAK = YES;
				CLANG_WARN_BLOCK_CAPTURE_AUTORELEASING = YES;
				CLANG_WARN_BOOL_CONVERSION = YES;
				CLANG_WARN_COMMA = YES;
				CLANG_WARN_CONSTANT_CONVERSION = YES;
				CLANG_WARN_DEPRECATED_OBJC_IMPLEMENTATIONS = YES;
				CLANG_WARN_DIRECT_OBJC_ISA_USAGE = YES_ERROR;
				CLANG_WARN_DOCUMENTATION_COMMENTS = YES;
				CLANG_WARN_EMPTY_BODY = YES;
				CLANG_WARN_ENUM_CONVERSION = YES;
				CLANG_WARN_INFINITE_RECURSION = YES;
				CLANG_WARN_INT_CONVERSION = YES;
				CLANG_WARN_NON_LITERAL_NULL_CONVERSION = YES;
				CLANG_WARN_OBJC_IMPLICIT_RETAIN_SELF = YES;
				CLANG_WARN_OBJC_LITERAL_CONVERSION = YES;
				CLANG_WARN_OBJC_ROOT_CLASS = YES_ERROR;
				CLANG_WARN_RANGE_LOOP_ANALYSIS = YES;
				CLANG_WARN_STRICT_PROTOTYPES = YES;
				CLANG_WARN_SUSPICIOUS_MOVE = YES;
				CLANG_WARN_UNGUARDED_AVAILABILITY = YES_AGGRESSIVE;
				CLANG_WARN_UNREACHABLE_CODE = YES;
				CLANG_WARN__DUPLICATE_METHOD_MATCH = YES;
				CODE_SIGN_IDENTITY = "iPhone Developer";
				COPY_PHASE_STRIP = NO;
				DEBUG_INFORMATION_FORMAT = dwarf;
				ENABLE_STRICT_OBJC_MSGSEND = YES;
				ENABLE_TESTABILITY = YES;
				GCC_C_LANGUAGE_STANDARD = gnu11;
				GCC_DYNAMIC_NO_PIC = NO;
				GCC_NO_COMMON_BLOCKS = YES;
				GCC_OPTIMIZATION_LEVEL = 0;
				GCC_PREPROCESSOR_DEFINITIONS = (
					"DEBUG=1",
					"$(inherited)",
				);
				GCC_WARN_64_TO_32_BIT_CONVERSION = YES;
				GCC_WARN_ABOUT_RETURN_TYPE = YES_ERROR;
				GCC_WARN_UNDECLARED_SELECTOR = YES;
				GCC_WARN_UNINITIALIZED_AUTOS = YES_AGGRESSIVE;
				GCC_WARN_UNUSED_FUNCTION = YES;
				GCC_WARN_UNUSED_VARIABLE = YES;
				IPHONEOS_DEPLOYMENT_TARGET = 11.4;
				MTL_ENABLE_DEBUG_INFO = YES;
				ONLY_ACTIVE_ARCH = YES;
				SDKROOT = iphoneos;
				SWIFT_ACTIVE_COMPILATION_CONDITIONS = DEBUG;
				SWIFT_OPTIMIZATION_LEVEL = "-Onone";
			};
			name = Debug;
		};
		219923E7225C0AA70089A014 /* Release */ = {
			isa = XCBuildConfiguration;
			buildSettings = {
				ALWAYS_SEARCH_USER_PATHS = NO;
				CLANG_ANALYZER_NONNULL = YES;
				CLANG_ANALYZER_NUMBER_OBJECT_CONVERSION = YES_AGGRESSIVE;
				CLANG_CXX_LANGUAGE_STANDARD = "gnu++14";
				CLANG_CXX_LIBRARY = "libc++";
				CLANG_ENABLE_MODULES = YES;
				CLANG_ENABLE_OBJC_ARC = YES;
				CLANG_ENABLE_OBJC_WEAK = YES;
				CLANG_WARN_BLOCK_CAPTURE_AUTORELEASING = YES;
				CLANG_WARN_BOOL_CONVERSION = YES;
				CLANG_WARN_COMMA = YES;
				CLANG_WARN_CONSTANT_CONVERSION = YES;
				CLANG_WARN_DEPRECATED_OBJC_IMPLEMENTATIONS = YES;
				CLANG_WARN_DIRECT_OBJC_ISA_USAGE = YES_ERROR;
				CLANG_WARN_DOCUMENTATION_COMMENTS = YES;
				CLANG_WARN_EMPTY_BODY = YES;
				CLANG_WARN_ENUM_CONVERSION = YES;
				CLANG_WARN_INFINITE_RECURSION = YES;
				CLANG_WARN_INT_CONVERSION = YES;
				CLANG_WARN_NON_LITERAL_NULL_CONVERSION = YES;
				CLANG_WARN_OBJC_IMPLICIT_RETAIN_SELF = YES;
				CLANG_WARN_OBJC_LITERAL_CONVERSION = YES;
				CLANG_WARN_OBJC_ROOT_CLASS = YES_ERROR;
				CLANG_WARN_RANGE_LOOP_ANALYSIS = YES;
				CLANG_WARN_STRICT_PROTOTYPES = YES;
				CLANG_WARN_SUSPICIOUS_MOVE = YES;
				CLANG_WARN_UNGUARDED_AVAILABILITY = YES_AGGRESSIVE;
				CLANG_WARN_UNREACHABLE_CODE = YES;
				CLANG_WARN__DUPLICATE_METHOD_MATCH = YES;
				CODE_SIGN_IDENTITY = "iPhone Developer";
				COPY_PHASE_STRIP = NO;
				DEBUG_INFORMATION_FORMAT = "dwarf-with-dsym";
				ENABLE_NS_ASSERTIONS = NO;
				ENABLE_STRICT_OBJC_MSGSEND = YES;
				GCC_C_LANGUAGE_STANDARD = gnu11;
				GCC_NO_COMMON_BLOCKS = YES;
				GCC_WARN_64_TO_32_BIT_CONVERSION = YES;
				GCC_WARN_ABOUT_RETURN_TYPE = YES_ERROR;
				GCC_WARN_UNDECLARED_SELECTOR = YES;
				GCC_WARN_UNINITIALIZED_AUTOS = YES_AGGRESSIVE;
				GCC_WARN_UNUSED_FUNCTION = YES;
				GCC_WARN_UNUSED_VARIABLE = YES;
				IPHONEOS_DEPLOYMENT_TARGET = 11.4;
				MTL_ENABLE_DEBUG_INFO = NO;
				SDKROOT = iphoneos;
				SWIFT_COMPILATION_MODE = wholemodule;
				SWIFT_OPTIMIZATION_LEVEL = "-O";
				VALIDATE_PRODUCT = YES;
			};
			name = Release;
		};
		219923E9225C0AA70089A014 /* Debug */ = {
			isa = XCBuildConfiguration;
			buildSettings = {
				ASSETCATALOG_COMPILER_APPICON_NAME = AppIcon;
				CODE_SIGN_STYLE = Automatic;
				INFOPLIST_FILE = Assignment04_BrendonLapp/Info.plist;
				LD_RUNPATH_SEARCH_PATHS = (
					"$(inherited)",
					"@executable_path/Frameworks",
				);
				PRODUCT_BUNDLE_IDENTIFIER = "ca.dmit.nait.cpsc1519.Assignment04-BrendonLapp";
				PRODUCT_NAME = "$(TARGET_NAME)";
				SWIFT_VERSION = 4.0;
				TARGETED_DEVICE_FAMILY = "1,2";
			};
			name = Debug;
		};
		219923EA225C0AA70089A014 /* Release */ = {
			isa = XCBuildConfiguration;
			buildSettings = {
				ASSETCATALOG_COMPILER_APPICON_NAME = AppIcon;
				CODE_SIGN_STYLE = Automatic;
				INFOPLIST_FILE = Assignment04_BrendonLapp/Info.plist;
				LD_RUNPATH_SEARCH_PATHS = (
					"$(inherited)",
					"@executable_path/Frameworks",
				);
				PRODUCT_BUNDLE_IDENTIFIER = "ca.dmit.nait.cpsc1519.Assignment04-BrendonLapp";
				PRODUCT_NAME = "$(TARGET_NAME)";
				SWIFT_VERSION = 4.0;
				TARGETED_DEVICE_FAMILY = "1,2";
			};
			name = Release;
		};
/* End XCBuildConfiguration section */

/* Begin XCConfigurationList section */
		219923D1225C0AA60089A014 /* Build configuration list for PBXProject "Assignment04_BrendonLapp" */ = {
			isa = XCConfigurationList;
			buildConfigurations = (
				219923E6225C0AA70089A014 /* Debug */,
				219923E7225C0AA70089A014 /* Release */,
			);
			defaultConfigurationIsVisible = 0;
			defaultConfigurationName = Release;
		};
		219923E8225C0AA70089A014 /* Build configuration list for PBXNativeTarget "Assignment04_BrendonLapp" */ = {
			isa = XCConfigurationList;
			buildConfigurations = (
				219923E9225C0AA70089A014 /* Debug */,
				219923EA225C0AA70089A014 /* Release */,
			);
			defaultConfigurationIsVisible = 0;
			defaultConfigurationName = Release;
		};
/* End XCConfigurationList section */
	};
	rootObject = 219923CE225C0AA60089A014 /* Project object */;
}
